version = 1
revision = 3
requires-python = ">=3.12"

[[package]]
name = "bitarray"
version = "3.8.0"
source = { registry = "https://pypi.org/simple" }
sdist = { url = "https://files.pythonhosted.org/packages/95/06/92fdc84448d324ab8434b78e65caf4fb4c6c90b4f8ad9bdd4c8021bfaf1e/bitarray-3.8.0.tar.gz", hash = "sha256:3eae38daffd77c9621ae80c16932eea3fb3a4af141fb7cc724d4ad93eff9210d", size = 151991, upload-time = "2025-11-02T21:41:15.117Z" }
wheels = [
    { url = "https://files.pythonhosted.org/packages/82/a0/0c41d893eda756315491adfdbf9bc928aee3d377a7f97a8834d453aa5de1/bitarray-3.8.0-cp312-cp312-macosx_10_13_x86_64.whl", hash = "sha256:f2fcbe9b3a5996b417e030aa33a562e7e20dfc86271e53d7e841fc5df16268b8", size = 148575, upload-time = "2025-11-02T21:39:25.718Z" },
    { url = "https://files.pythonhosted.org/packages/0e/30/12ab2f4a4429bd844b419c37877caba93d676d18be71354fbbeb21d9f4cc/bitarray-3.8.0-cp312-cp312-macosx_11_0_arm64.whl", hash = "sha256:cd761d158f67e288fd0ebe00c3b158095ce80a4bc7c32b60c7121224003ba70d", size = 145454, upload-time = "2025-11-02T21:39:26.695Z" },
    { url = "https://files.pythonhosted.org/packages/26/58/314b3e3f219533464e120f0c51ac5123e7b1c1b91f725a4073fb70c5a858/bitarray-3.8.0-cp312-cp312-manylinux2014_aarch64.manylinux_2_17_aarch64.manylinux_2_28_aarch64.whl", hash = "sha256:c394a3f055b49f92626f83c1a0b6d6cd2c628f1ccd72481c3e3c6aa4695f3b20", size = 332949, upload-time = "2025-11-02T21:39:27.801Z" },
    { url = "https://files.pythonhosted.org/packages/ea/ce/ca8c706bd8341c7a22dd92d2a528af71f7e5f4726085d93f81fd768cb03b/bitarray-3.8.0-cp312-cp312-manylinux2014_ppc64le.manylinux_2_17_ppc64le.manylinux_2_28_ppc64le.whl", hash = "sha256:969fd67de8c42affdb47b38b80f1eaa79ac0ef17d65407cdd931db1675315af1", size = 360599, upload-time = "2025-11-02T21:39:28.964Z" },
    { url = "https://files.pythonhosted.org/packages/ef/dc/aa181df85f933052d962804906b282acb433cb9318b08ec2aceb4ee34faf/bitarray-3.8.0-cp312-cp312-manylinux2014_s390x.manylinux_2_17_s390x.manylinux_2_28_s390x.whl", hash = "sha256:99d25aff3745c54e61ab340b98400c52ebec04290a62078155e0d7eb30380220", size = 371972, upload-time = "2025-11-02T21:39:30.228Z" },
    { url = "https://files.pythonhosted.org/packages/ff/d9/b805bfa158c7bcf4df0ac19b1be581b47e1ddb792c11023aed80a7058e78/bitarray-3.8.0-cp312-cp312-manylinux2014_x86_64.manylinux_2_17_x86_64.manylinux_2_28_x86_64.whl", hash = "sha256:e645b4c365d6f1f9e0799380ad6395268f3c3b898244a650aaeb8d9d27b74c35", size = 340303, upload-time = "2025-11-02T21:39:31.342Z" },
    { url = "https://files.pythonhosted.org/packages/1f/42/5308cc97ea929e30727292617a3a88293470166851e13c9e3f16f395da55/bitarray-3.8.0-cp312-cp312-musllinux_1_2_aarch64.whl", hash = "sha256:2fa23fdb3beab313950bbb49674e8a161e61449332d3997089fe3944953f1b77", size = 330494, upload-time = "2025-11-02T21:39:32.769Z" },
    { url = "https://files.pythonhosted.org/packages/4c/89/64f1596cb80433323efdbc8dcd0d6e57c40dfbe6ea3341623f34ec397edd/bitarray-3.8.0-cp312-cp312-musllinux_1_2_ppc64le.whl", hash = "sha256:165052a0e61c880f7093808a0c524ce1b3555bfa114c0dfb5c809cd07918a60d", size = 358123, upload-time = "2025-11-02T21:39:34.331Z" },
    { url = "https://files.pythonhosted.org/packages/27/fd/f3d49c5443b57087f888b5e118c8dd78bb7c8e8cfeeed250f8e92128a05f/bitarray-3.8.0-cp312-cp312-musllinux_1_2_s390x.whl", hash = "sha256:337c8cd46a4c6568d367ed676cbf2d7de16f890bb31dbb54c44c1d6bb6d4a1de", size = 356046, upload-time = "2025-11-02T21:39:35.449Z" },
    { url = "https://files.pythonhosted.org/packages/aa/db/1fd0b402bd2b47142e958b6930dbb9445235d03fa703c9a24caa6e576ae2/bitarray-3.8.0-cp312-cp312-musllinux_1_2_x86_64.whl", hash = "sha256:21ca6a47bf20db9e7ad74ca04b3d479e4d76109b68333eb23535553d2705339e", size = 336872, upload-time = "2025-11-02T21:39:36.891Z" },
    { url = "https://files.pythonhosted.org/packages/58/73/680b47718f1313b4538af479c4732eaca0aeda34d93fc5b869f87932d57d/bitarray-3.8.0-cp312-cp312-win32.whl", hash = "sha256:178c5a4c7fdfb5cd79e372ae7f675390e670f3732e5bc68d327e01a5b3ff8d55", size = 143025, upload-time = "2025-11-02T21:39:38.303Z" },
    { url = "https://files.pythonhosted.org/packages/f8/11/7792587c19c79a8283e8838f44709fa4338a8f7d2a3091dfd81c07ae89c7/bitarray-3.8.0-cp312-cp312-win_amd64.whl", hash = "sha256:75a3b6e9c695a6570ea488db75b84bb592ff70a944957efa1c655867c575018b", size = 149969, upload-time = "2025-11-02T21:39:39.715Z" },
    { url = "https://files.pythonhosted.org/packages/9a/00/9df64b5d8a84e8e9ec392f6f9ce93f50626a5b301cb6c6b3fe3406454d66/bitarray-3.8.0-cp312-cp312-win_arm64.whl", hash = "sha256:5591daf81313096909d973fb2612fccd87528fdfdd39f6478bdce54543178954", size = 146907, upload-time = "2025-11-02T21:39:40.815Z" },
    { url = "https://files.pythonhosted.org/packages/3e/35/480364d4baf1e34c79076750914664373f561c58abb5c31c35b3fae613ff/bitarray-3.8.0-cp313-cp313-macosx_10_13_x86_64.whl", hash = "sha256:18214bac86341f1cc413772e66447d6cca10981e2880b70ecaf4e826c04f95e9", size = 148582, upload-time = "2025-11-02T21:39:42.268Z" },
    { url = "https://files.pythonhosted.org/packages/5e/a8/718b95524c803937f4edbaaf6480f39c80f6ed189d61357b345e8361ffb6/bitarray-3.8.0-cp313-cp313-macosx_11_0_arm64.whl", hash = "sha256:01c5f0dc080b0ebb432f7a68ee1e88a76bd34f6d89c9568fcec65fb16ed71f0e", size = 145433, upload-time = "2025-11-02T21:39:43.552Z" },
    { url = "https://files.pythonhosted.org/packages/03/66/4a10f30dc9e2e01e3b4ecd44a511219f98e63c86b0e0f704c90fac24059b/bitarray-3.8.0-cp313-cp313-manylinux2014_aarch64.manylinux_2_17_aarch64.manylinux_2_28_aarch64.whl", hash = "sha256:86685fa04067f7175f9718489ae755f6acde03593a1a9ca89305554af40e14fd", size = 332986, upload-time = "2025-11-02T21:39:44.656Z" },
    { url = "https://files.pythonhosted.org/packages/53/25/4c08774d847f80a1166e4c704b4e0f1c417c0afe6306eae0bc5e70d35faa/bitarray-3.8.0-cp313-cp313-manylinux2014_ppc64le.manylinux_2_17_ppc64le.manylinux_2_28_ppc64le.whl", hash = "sha256:56896ceeffe25946c4010320629e2d858ca763cd8ded273c81672a5edbcb1e0a", size = 360634, upload-time = "2025-11-02T21:39:45.798Z" },
    { url = "https://files.pythonhosted.org/packages/a5/8f/bf8ad26169ebd0b2746d5c7564db734453ca467f8aab87e9d43b0a794383/bitarray-3.8.0-cp313-cp313-manylinux2014_s390x.manylinux_2_17_s390x.manylinux_2_28_s390x.whl", hash = "sha256:9858dcbc23ba7eaadcd319786b982278a1a2b2020720b19db43e309579ff76fb", size = 371992, upload-time = "2025-11-02T21:39:46.968Z" },
    { url = "https://files.pythonhosted.org/packages/a9/16/ce166754e7c9d10650e02914552fa637cf3b2591f7ed16632bbf6b783312/bitarray-3.8.0-cp313-cp313-manylinux2014_x86_64.manylinux_2_17_x86_64.manylinux_2_28_x86_64.whl", hash = "sha256:aa7dec53c25f1949513457ef8b0ea1fb40e76c672cc4d2daa8ad3c8d6b73491a", size = 340315, upload-time = "2025-11-02T21:39:48.182Z" },
    { url = "https://files.pythonhosted.org/packages/de/2a/fbba3a106ddd260e84b9a624f730257c32ba51a8a029565248dfedfdf6f2/bitarray-3.8.0-cp313-cp313-musllinux_1_2_aarch64.whl", hash = "sha256:15a2eff91f54d2b1f573cca8ca6fb58763ce8fea80e7899ab028f3987ef71cd5", size = 330473, upload-time = "2025-11-02T21:39:49.705Z" },
    { url = "https://files.pythonhosted.org/packages/68/97/56cf3c70196e7307ad32318a9d6ed969dbdc6a4534bbe429112fa7dfe42e/bitarray-3.8.0-cp313-cp313-musllinux_1_2_ppc64le.whl", hash = "sha256:b1572ee0eb1967e71787af636bb7d1eb9c6735d5337762c450650e7f51844594", size = 358129, upload-time = "2025-11-02T21:39:51.189Z" },
    { url = "https://files.pythonhosted.org/packages/fd/be/afd391a5c0896d3339613321b2f94af853f29afc8bd3fbc327431244c642/bitarray-3.8.0-cp313-cp313-musllinux_1_2_s390x.whl", hash = "sha256:5bfac7f236ba1a4d402644bdce47fb9db02a7cf3214a1f637d3a88390f9e5428", size = 356005, upload-time = "2025-11-02T21:39:52.355Z" },
    { url = "https://files.pythonhosted.org/packages/ae/08/a8e1a371babba29bad3378bb3a2cdca2b012170711e7fe1f22031a6b7b95/bitarray-3.8.0-cp313-cp313-musllinux_1_2_x86_64.whl", hash = "sha256:f0a55cf02d2cdd739b40ce10c09bbdd520e141217696add7a48b56e67bdfdfe6", size = 336862, upload-time = "2025-11-02T21:39:54.345Z" },
    { url = "https://files.pythonhosted.org/packages/ee/8a/6dc1d0fdc06991c8dc3b1fcfe1ae49fbaced42064cd1b5f24278e73fe05f/bitarray-3.8.0-cp313-cp313-win32.whl", hash = "sha256:a2ba92f59e30ce915e9e79af37649432e3a212ddddf416d4d686b1b4825bcdb2", size = 143018, upload-time = "2025-11-02T21:39:56.361Z" },
    { url = "https://files.pythonhosted.org/packages/2e/72/76e13f5cd23b8b9071747909663ce3b02da24a5e7e22c35146338625db35/bitarray-3.8.0-cp313-cp313-win_amd64.whl", hash = "sha256:1c8f2a5d8006db5a555e06f9437e76bf52537d3dfd130cb8ae2b30866aca32c9", size = 149977, upload-time = "2025-11-02T21:39:57.718Z" },
    { url = "https://files.pythonhosted.org/packages/01/37/60f336c32336cc3ec03b0c61076f16ea2f05d5371c8a56e802161d218b77/bitarray-3.8.0-cp313-cp313-win_arm64.whl", hash = "sha256:50ddbe3a7b4b6ab96812f5a4d570f401a2cdb95642fd04c062f98939610bbeee", size = 146930, upload-time = "2025-11-02T21:39:59.308Z" },
    { url = "https://files.pythonhosted.org/packages/1b/b0/411327a6c7f6b2bead64bb06fe60b92e0344957ec1ab0645d5ccc25fdafe/bitarray-3.8.0-cp314-cp314-macosx_10_13_x86_64.whl", hash = "sha256:8cbd4bfc933b33b85c43ef4c1f4d5e3e9d91975ea6368acf5fbac02bac06ea89", size = 148563, upload-time = "2025-11-02T21:40:01.006Z" },
    { url = "https://files.pythonhosted.org/packages/2a/bc/ff80d97c627d774f879da0ea93223adb1267feab7e07d5c17580ffe6d632/bitarray-3.8.0-cp314-cp314-macosx_11_0_arm64.whl", hash = "sha256:9d35d8f8a1c9ed4e2b08187b513f8a3c71958600129db3aa26d85ea3abfd1310", size = 145422, upload-time = "2025-11-02T21:40:02.535Z" },
    { url = "https://files.pythonhosted.org/packages/66/e7/b4cb6c5689aacd0a32f3aa8a507155eaa33528c63de2f182b60843fbf700/bitarray-3.8.0-cp314-cp314-manylinux2014_aarch64.manylinux_2_17_aarch64.manylinux_2_28_aarch64.whl", hash = "sha256:99f55e14e7c56f4fafe1343480c32b110ef03836c21ff7c48bae7add6818f77c", size = 332852, upload-time = "2025-11-02T21:40:03.645Z" },
    { url = "https://files.pythonhosted.org/packages/e7/91/fbd1b047e3e2f4b65590f289c8151df1d203d75b005f5aae4e072fe77d76/bitarray-3.8.0-cp314-cp314-manylinux2014_ppc64le.manylinux_2_17_ppc64le.manylinux_2_28_ppc64le.whl", hash = "sha256:dfbe2aa45b273f49e715c5345d94874cb65a28482bf231af408891c260601b8d", size = 360801, upload-time = "2025-11-02T21:40:04.827Z" },
    { url = "https://files.pythonhosted.org/packages/ef/4a/63064c593627bac8754fdafcb5343999c93ab2aeb27bcd9d270a010abea5/bitarray-3.8.0-cp314-cp314-manylinux2014_s390x.manylinux_2_17_s390x.manylinux_2_28_s390x.whl", hash = "sha256:64af877116edf051375b45f0bda648143176a017b13803ec7b3a3111dc05f4c5", size = 371408, upload-time = "2025-11-02T21:40:05.985Z" },
    { url = "https://files.pythonhosted.org/packages/46/97/ddc07723767bdafd170f2ff6e173c940fa874192783ee464aa3c1dedf07d/bitarray-3.8.0-cp314-cp314-manylinux2014_x86_64.manylinux_2_17_x86_64.manylinux_2_28_x86_64.whl", hash = "sha256:cdfbb27f2c46bb5bbdcee147530cbc5ca8ab858d7693924e88e30ada21b2c5e2", size = 340033, upload-time = "2025-11-02T21:40:07.189Z" },
    { url = "https://files.pythonhosted.org/packages/ad/1e/e1ea9f1146fd4af032817069ff118918d73e5de519854ce3860e2ed560ff/bitarray-3.8.0-cp314-cp314-musllinux_1_2_aarch64.whl", hash = "sha256:4d73d4948dcc5591d880db8933004e01f1dd2296df9de815354d53469beb26fe", size = 330774, upload-time = "2025-11-02T21:40:08.496Z" },
    { url = "https://files.pythonhosted.org/packages/cf/9f/8242296c124a48d1eab471fd0838aeb7ea9c6fd720302d99ab7855d3e6d3/bitarray-3.8.0-cp314-cp314-musllinux_1_2_ppc64le.whl", hash = "sha256:28a85b056c0eb7f5d864c0ceef07034117e8ebfca756f50648c71950a568ba11", size = 358337, upload-time = "2025-11-02T21:40:10.035Z" },
    { url = "https://files.pythonhosted.org/packages/b5/6b/9095d75264c67d479f298c80802422464ce18c3cdd893252eeccf4997611/bitarray-3.8.0-cp314-cp314-musllinux_1_2_s390x.whl", hash = "sha256:79ec4498a545733ecace48d780d22407411b07403a2e08b9a4d7596c0b97ebd7", size = 355639, upload-time = "2025-11-02T21:40:11.485Z" },
    { url = "https://files.pythonhosted.org/packages/a0/af/c93c0ae5ef824136e90ac7ddf6cceccb1232f34240b2f55a922f874da9b4/bitarray-3.8.0-cp314-cp314-musllinux_1_2_x86_64.whl", hash = "sha256:33af25c4ff7723363cb8404dfc2eefeab4110b654f6c98d26aba8a08c745d860", size = 336999, upload-time = "2025-11-02T21:40:12.709Z" },
    { url = "https://files.pythonhosted.org/packages/81/0f/72c951f5997b2876355d5e671f78dd2362493254876675cf22dbd24389ae/bitarray-3.8.0-cp314-cp314-win32.whl", hash = "sha256:2c3bb96b6026643ce24677650889b09073f60b9860a71765f843c99f9ab38b25", size = 142169, upload-time = "2025-11-02T21:40:14.031Z" },
    { url = "https://files.pythonhosted.org/packages/8a/55/ef1b4de8107bf13823da8756c20e1fbc9452228b4e837f46f6d9ddba3eb3/bitarray-3.8.0-cp314-cp314-win_amd64.whl", hash = "sha256:847c7f61964225fc489fe1d49eda7e0e0d253e98862c012cecf845f9ad45cdf4", size = 148737, upload-time = "2025-11-02T21:40:15.436Z" },
    { url = "https://files.pythonhosted.org/packages/5f/26/bc0784136775024ac56cc67c0d6f9aa77a7770de7f82c3a7c9be11c217cd/bitarray-3.8.0-cp314-cp314-win_arm64.whl", hash = "sha256:a2cb35a6efaa0e3623d8272471371a12c7e07b51a33e5efce9b58f655d864b4e", size = 146083, upload-time = "2025-11-02T21:40:17.135Z" },
    { url = "https://files.pythonhosted.org/packages/6e/64/57984e64264bf43d93a1809e645972771566a2d0345f4896b041ce20b000/bitarray-3.8.0-cp314-cp314t-macosx_10_13_x86_64.whl", hash = "sha256:15e8d0597cc6e8496de6f4dea2a6880c57e1251502a7072f5631108a1aa28521", size = 149455, upload-time = "2025-11-02T21:40:18.558Z" },
    { url = "https://files.pythonhosted.org/packages/81/c0/0d5f2eaef1867f462f764bdb07d1e116c33a1bf052ea21889aefe4282f5b/bitarray-3.8.0-cp314-cp314t-macosx_11_0_arm64.whl", hash = "sha256:8ffe660e963ae711cb9e2b8d8461c9b1ad6167823837fc17d59d5e539fb898fa", size = 146491, upload-time = "2025-11-02T21:40:19.665Z" },
    { url = "https://files.pythonhosted.org/packages/65/c6/bc1261f7a8862c0c59220a484464739e52235fd1e2afcb24d7f7d3fb5702/bitarray-3.8.0-cp314-cp314t-manylinux2014_aarch64.manylinux_2_17_aarch64.manylinux_2_28_aarch64.whl", hash = "sha256:4779f356083c62e29b4198d290b7b17a39a69702d150678b7efff0fdddf494a8", size = 339721, upload-time = "2025-11-02T21:40:21.277Z" },
    { url = "https://files.pythonhosted.org/packages/81/d8/289ca55dd2939ea17b1108dc53bffc0fdc5160ba44f77502dfaae35d08c6/bitarray-3.8.0-cp314-cp314t-manylinux2014_ppc64le.manylinux_2_17_ppc64le.manylinux_2_28_ppc64le.whl", hash = "sha256:025d133bf4ca8cf75f904eeb8ea946228d7c043231866143f31946a6f4dd0bf3", size = 367823, upload-time = "2025-11-02T21:40:22.463Z" },
    { url = "https://files.pythonhosted.org/packages/91/a2/61e7461ca9ac0fcb70f327a2e84b006996d2a840898e69037a39c87c6d06/bitarray-3.8.0-cp314-cp314t-manylinux2014_s390x.manylinux_2_17_s390x.manylinux_2_28_s390x.whl", hash = "sha256:451f9958850ea98440d542278368c8d1e1ea821e2494b204570ba34a340759df", size = 377341, upload-time = "2025-11-02T21:40:23.789Z" },
    { url = "https://files.pythonhosted.org/packages/6c/87/4a0c9c8bdb13916d443e04d8f8542eef9190f31425da3c17c3478c40173f/bitarray-3.8.0-cp314-cp314t-manylinux2014_x86_64.manylinux_2_17_x86_64.manylinux_2_28_x86_64.whl", hash = "sha256:6d79f659965290af60d6acc8e2716341865fe74609a7ede2a33c2f86ad893b8f", size = 344985, upload-time = "2025-11-02T21:40:25.261Z" },
    { url = "https://files.pythonhosted.org/packages/17/4c/ff9259b916efe53695b631772e5213699c738efc2471b5ffe273f4000994/bitarray-3.8.0-cp314-cp314t-musllinux_1_2_aarch64.whl", hash = "sha256:fbf05678c2ae0064fb1b8de7e9e8f0fc30621b73c8477786dd0fb3868044a8c8", size = 336796, upload-time = "2025-11-02T21:40:26.942Z" },
    { url = "https://files.pythonhosted.org/packages/0f/4b/51b2468bbddbade5e2f3b8d5db08282c5b309e8687b0f02f75a8b5ff559c/bitarray-3.8.0-cp314-cp314t-musllinux_1_2_ppc64le.whl", hash = "sha256:c396358023b876cff547ce87f4e8ff8a2280598873a137e8cc69e115262260b8", size = 365085, upload-time = "2025-11-02T21:40:28.224Z" },
    { url = "https://files.pythonhosted.org/packages/bf/79/53473bfc2e052c6dbb628cdc1b156be621c77aaeb715918358b01574be55/bitarray-3.8.0-cp314-cp314t-musllinux_1_2_s390x.whl", hash = "sha256:ed3493a369fe849cce98542d7405c88030b355e4d2e113887cb7ecc86c205773", size = 361012, upload-time = "2025-11-02T21:40:29.635Z" },
    { url = "https://files.pythonhosted.org/packages/c4/b1/242bf2e44bfc69e73fa2b954b425d761a8e632f78ea31008f1c3cfad0854/bitarray-3.8.0-cp314-cp314t-musllinux_1_2_x86_64.whl", hash = "sha256:c764fb167411d5afaef88138542a4bfa28bd5e5ded5e8e42df87cef965efd6e9", size = 340644, upload-time = "2025-11-02T21:40:31.089Z" },
    { url = "https://files.pythonhosted.org/packages/cf/01/12e5ecf30a5de28a32485f226cad4b8a546845f65f755ce0365057ab1e92/bitarray-3.8.0-cp314-cp314t-win32.whl", hash = "sha256:e12769d3adcc419e65860de946df8d2ed274932177ac1cdb05186e498aaa9149", size = 143630, upload-time = "2025-11-02T21:40:32.351Z" },
    { url = "https://files.pythonhosted.org/packages/b6/92/6b6ade587b08024a8a890b07724775d29da9cf7497be5c3cbe226185e463/bitarray-3.8.0-cp314-cp314t-win_amd64.whl", hash = "sha256:0ca70ccf789446a6dfde40b482ec21d28067172cd1f8efd50d5548159fccad9e", size = 150250, upload-time = "2025-11-02T21:40:33.596Z" },
    { url = "https://files.pythonhosted.org/packages/ed/40/be3858ffed004e47e48a2cefecdbf9b950d41098b780f9dc3aa609a88351/bitarray-3.8.0-cp314-cp314t-win_arm64.whl", hash = "sha256:2a3d1b05ffdd3e95687942ae7b13c63689f85d3f15c39b33329e3cb9ce6c015f", size = 147015, upload-time = "2025-11-02T21:40:35.064Z" },
]

[[package]]
name = "bitstring"
version = "4.3.1"
source = { registry = "https://pypi.org/simple" }
dependencies = [
    { name = "bitarray" },
]
sdist = { url = "https://files.pythonhosted.org/packages/15/a8/a80c890db75d5bdd5314b5de02c4144c7de94fd0cefcae51acaeb14c6a3f/bitstring-4.3.1.tar.gz", hash = "sha256:a08bc09d3857216d4c0f412a1611056f1cc2b64fd254fb1e8a0afba7cfa1a95a", size = 251426, upload-time = "2025-03-22T09:39:06.978Z" }
wheels = [
    { url = "https://files.pythonhosted.org/packages/75/2d/174566b533755ddf8efb32a5503af61c756a983de379f8ad3aed6a982d38/bitstring-4.3.1-py3-none-any.whl", hash = "sha256:69d1587f0ac18dc7d93fc7e80d5f447161a33e57027e726dc18a0a8bacf1711a", size = 71930, upload-time = "2025-03-22T09:39:05.163Z" },
]

[[package]]
name = "chrimbus"
version = "0.1.0"
source = { virtual = "." }
dependencies = [
    { name = "bitstring" },
    { name = "numpy" },
    { name = "pyqt6" },
]

[package.metadata]
requires-dist = [
    { name = "bitstring", specifier = "==4.3.1" },
    { name = "numpy", specifier = ">=2.4.0" },
    { name = "pyqt6", specifier = "==6.10.0" },
]

[[package]]
name = "numpy"
version = "2.4.0"
source = { registry = "https://pypi.org/simple" }
sdist = { url = "https://files.pythonhosted.org/packages/a4/7a/6a3d14e205d292b738db449d0de649b373a59edb0d0b4493821d0a3e8718/numpy-2.4.0.tar.gz", hash = "sha256:6e504f7b16118198f138ef31ba24d985b124c2c469fe8467007cf30fd992f934", size = 20685720, upload-time = "2025-12-20T16:18:19.023Z" }
wheels = [
    { url = "https://files.pythonhosted.org/packages/8b/ff/f6400ffec95de41c74b8e73df32e3fff1830633193a7b1e409be7fb1bb8c/numpy-2.4.0-cp312-cp312-macosx_10_13_x86_64.whl", hash = "sha256:2a8b6bb8369abefb8bd1801b054ad50e02b3275c8614dc6e5b0373c305291037", size = 16653117, upload-time = "2025-12-20T16:16:06.709Z" },
    { url = "https://files.pythonhosted.org/packages/fd/28/6c23e97450035072e8d830a3c411bf1abd1f42c611ff9d29e3d8f55c6252/numpy-2.4.0-cp312-cp312-macosx_11_0_arm64.whl", hash = "sha256:2e284ca13d5a8367e43734148622caf0b261b275673823593e3e3634a6490f83", size = 12369711, upload-time = "2025-12-20T16:16:08.758Z" },
    { url = "https://files.pythonhosted.org/packages/bc/af/acbef97b630ab1bb45e6a7d01d1452e4251aa88ce680ac36e56c272120ec/numpy-2.4.0-cp312-cp312-macosx_14_0_arm64.whl", hash = "sha256:49ff32b09f5aa0cd30a20c2b39db3e669c845589f2b7fc910365210887e39344", size = 5198355, upload-time = "2025-12-20T16:16:10.902Z" },
    { url = "https://files.pythonhosted.org/packages/c1/c8/4e0d436b66b826f2e53330adaa6311f5cac9871a5b5c31ad773b27f25a74/numpy-2.4.0-cp312-cp312-macosx_14_0_x86_64.whl", hash = "sha256:36cbfb13c152b1c7c184ddac43765db8ad672567e7bafff2cc755a09917ed2e6", size = 6545298, upload-time = "2025-12-20T16:16:12.607Z" },
    { url = "https://files.pythonhosted.org/packages/ef/27/e1f5d144ab54eac34875e79037011d511ac57b21b220063310cb96c80fbc/numpy-2.4.0-cp312-cp312-manylinux_2_27_aarch64.manylinux_2_28_aarch64.whl", hash = "sha256:35ddc8f4914466e6fc954c76527aa91aa763682a4f6d73249ef20b418fe6effb", size = 14398387, upload-time = "2025-12-20T16:16:14.257Z" },
    { url = "https://files.pythonhosted.org/packages/67/64/4cb909dd5ab09a9a5d086eff9586e69e827b88a5585517386879474f4cf7/numpy-2.4.0-cp312-cp312-manylinux_2_27_x86_64.manylinux_2_28_x86_64.whl", hash = "sha256:dc578891de1db95b2a35001b695451767b580bb45753717498213c5ff3c41d63", size = 16363091, upload-time = "2025-12-20T16:16:17.32Z" },
    { url = "https://files.pythonhosted.org/packages/9d/9c/8efe24577523ec6809261859737cf117b0eb6fdb655abdfdc81b2e468ce4/numpy-2.4.0-cp312-cp312-musllinux_1_2_aarch64.whl", hash = "sha256:98e81648e0b36e325ab67e46b5400a7a6d4a22b8a7c8e8bbfe20e7db7906bf95", size = 16176394, upload-time = "2025-12-20T16:16:19.524Z" },
    { url = "https://files.pythonhosted.org/packages/61/f0/1687441ece7b47a62e45a1f82015352c240765c707928edd8aef875d5951/numpy-2.4.0-cp312-cp312-musllinux_1_2_x86_64.whl", hash = "sha256:d57b5046c120561ba8fa8e4030fbb8b822f3063910fa901ffadf16e2b7128ad6", size = 18287378, upload-time = "2025-12-20T16:16:22.866Z" },
    { url = "https://files.pythonhosted.org/packages/d3/6f/f868765d44e6fc466467ed810ba9d8d6db1add7d4a748abfa2a4c99a3194/numpy-2.4.0-cp312-cp312-win32.whl", hash = "sha256:92190db305a6f48734d3982f2c60fa30d6b5ee9bff10f2887b930d7b40119f4c", size = 5955432, upload-time = "2025-12-20T16:16:25.06Z" },
    { url = "https://files.pythonhosted.org/packages/d4/b5/94c1e79fcbab38d1ca15e13777477b2914dd2d559b410f96949d6637b085/numpy-2.4.0-cp312-cp312-win_amd64.whl", hash = "sha256:680060061adb2d74ce352628cb798cfdec399068aa7f07ba9fb818b2b3305f98", size = 12306201, upload-time = "2025-12-20T16:16:26.979Z" },
    { url = "https://files.pythonhosted.org/packages/70/09/c39dadf0b13bb0768cd29d6a3aaff1fb7c6905ac40e9aaeca26b1c086e06/numpy-2.4.0-cp312-cp312-win_arm64.whl", hash = "sha256:39699233bc72dd482da1415dcb06076e32f60eddc796a796c5fb6c5efce94667", size = 10308234, upload-time = "2025-12-20T16:16:29.417Z" },
    { url = "https://files.pythonhosted.org/packages/a7/0d/853fd96372eda07c824d24adf02e8bc92bb3731b43a9b2a39161c3667cc4/numpy-2.4.0-cp313-cp313-macosx_10_13_x86_64.whl", hash = "sha256:a152d86a3ae00ba5f47b3acf3b827509fd0b6cb7d3259665e63dafbad22a75ea", size = 16649088, upload-time = "2025-12-20T16:16:31.421Z" },
    { url = "https://files.pythonhosted.org/packages/e3/37/cc636f1f2a9f585434e20a3e6e63422f70bfe4f7f6698e941db52ea1ac9a/numpy-2.4.0-cp313-cp313-macosx_11_0_arm64.whl", hash = "sha256:39b19251dec4de8ff8496cd0806cbe27bf0684f765abb1f4809554de93785f2d", size = 12364065, upload-time = "2025-12-20T16:16:33.491Z" },
    { url = "https://files.pythonhosted.org/packages/ed/69/0b78f37ca3690969beee54103ce5f6021709134e8020767e93ba691a72f1/numpy-2.4.0-cp313-cp313-macosx_14_0_arm64.whl", hash = "sha256:009bd0ea12d3c784b6639a8457537016ce5172109e585338e11334f6a7bb88ee", size = 5192640, upload-time = "2025-12-20T16:16:35.636Z" },
    { url = "https://files.pythonhosted.org/packages/1d/2a/08569f8252abf590294dbb09a430543ec8f8cc710383abfb3e75cc73aeda/numpy-2.4.0-cp313-cp313-macosx_14_0_x86_64.whl", hash = "sha256:5fe44e277225fd3dff6882d86d3d447205d43532c3627313d17e754fb3905a0e", size = 6541556, upload-time = "2025-12-20T16:16:37.276Z" },
    { url = "https://files.pythonhosted.org/packages/93/e9/a949885a4e177493d61519377952186b6cbfdf1d6002764c664ba28349b5/numpy-2.4.0-cp313-cp313-manylinux_2_27_aarch64.manylinux_2_28_aarch64.whl", hash = "sha256:f935c4493eda9069851058fa0d9e39dbf6286be690066509305e52912714dbb2", size = 14396562, upload-time = "2025-12-20T16:16:38.953Z" },
    { url = "https://files.pythonhosted.org/packages/99/98/9d4ad53b0e9ef901c2ef1d550d2136f5ac42d3fd2988390a6def32e23e48/numpy-2.4.0-cp313-cp313-manylinux_2_27_x86_64.manylinux_2_28_x86_64.whl", hash = "sha256:8cfa5f29a695cb7438965e6c3e8d06e0416060cf0d709c1b1c1653a939bf5c2a", size = 16351719, upload-time = "2025-12-20T16:16:41.503Z" },
    { url = "https://files.pythonhosted.org/packages/28/de/5f3711a38341d6e8dd619f6353251a0cdd07f3d6d101a8fd46f4ef87f895/numpy-2.4.0-cp313-cp313-musllinux_1_2_aarch64.whl", hash = "sha256:ba0cb30acd3ef11c94dc27fbfba68940652492bc107075e7ffe23057f9425681", size = 16176053, upload-time = "2025-12-20T16:16:44.552Z" },
    { url = "https://files.pythonhosted.org/packages/2a/5b/2a3753dc43916501b4183532e7ace862e13211042bceafa253afb5c71272/numpy-2.4.0-cp313-cp313-musllinux_1_2_x86_64.whl", hash = "sha256:60e8c196cd82cbbd4f130b5290007e13e6de3eca79f0d4d38014769d96a7c475", size = 18277859, upload-time = "2025-12-20T16:16:47.174Z" },
    { url = "https://files.pythonhosted.org/packages/2c/c5/a18bcdd07a941db3076ef489d036ab16d2bfc2eae0cf27e5a26e29189434/numpy-2.4.0-cp313-cp313-win32.whl", hash = "sha256:5f48cb3e88fbc294dc90e215d86fbaf1c852c63dbdb6c3a3e63f45c4b57f7344", size = 5953849, upload-time = "2025-12-20T16:16:49.554Z" },
    { url = "https://files.pythonhosted.org/packages/4f/f1/719010ff8061da6e8a26e1980cf090412d4f5f8060b31f0c45d77dd67a01/numpy-2.4.0-cp313-cp313-win_amd64.whl", hash = "sha256:a899699294f28f7be8992853c0c60741f16ff199205e2e6cdca155762cbaa59d", size = 12302840, upload-time = "2025-12-20T16:16:51.227Z" },
    { url = "https://files.pythonhosted.org/packages/f5/5a/b3d259083ed8b4d335270c76966cb6cf14a5d1b69e1a608994ac57a659e6/numpy-2.4.0-cp313-cp313-win_arm64.whl", hash = "sha256:9198f447e1dc5647d07c9a6bbe2063cc0132728cc7175b39dbc796da5b54920d", size = 10308509, upload-time = "2025-12-20T16:16:53.313Z" },
    { url = "https://files.pythonhosted.org/packages/31/01/95edcffd1bb6c0633df4e808130545c4f07383ab629ac7e316fb44fff677/numpy-2.4.0-cp313-cp313t-macosx_11_0_arm64.whl", hash = "sha256:74623f2ab5cc3f7c886add4f735d1031a1d2be4a4ae63c0546cfd74e7a31ddf6", size = 12491815, upload-time = "2025-12-20T16:16:55.496Z" },
    { url = "https://files.pythonhosted.org/packages/59/ea/5644b8baa92cc1c7163b4b4458c8679852733fa74ca49c942cfa82ded4e0/numpy-2.4.0-cp313-cp313t-macosx_14_0_arm64.whl", hash = "sha256:0804a8e4ab070d1d35496e65ffd3cf8114c136a2b81f61dfab0de4b218aacfd5", size = 5320321, upload-time = "2025-12-20T16:16:57.468Z" },
    { url = "https://files.pythonhosted.org/packages/26/4e/e10938106d70bc21319bd6a86ae726da37edc802ce35a3a71ecdf1fdfe7f/numpy-2.4.0-cp313-cp313t-macosx_14_0_x86_64.whl", hash = "sha256:02a2038eb27f9443a8b266a66911e926566b5a6ffd1a689b588f7f35b81e7dc3", size = 6641635, upload-time = "2025-12-20T16:16:59.379Z" },
    { url = "https://files.pythonhosted.org/packages/b3/8d/a8828e3eaf5c0b4ab116924df82f24ce3416fa38d0674d8f708ddc6c8aac/numpy-2.4.0-cp313-cp313t-manylinux_2_27_aarch64.manylinux_2_28_aarch64.whl", hash = "sha256:1889b3a3f47a7b5bee16bc25a2145bd7cb91897f815ce3499db64c7458b6d91d", size = 14456053, upload-time = "2025-12-20T16:17:01.768Z" },
    { url = "https://files.pythonhosted.org/packages/68/a1/17d97609d87d4520aa5ae2dcfb32305654550ac6a35effb946d303e594ce/numpy-2.4.0-cp313-cp313t-manylinux_2_27_x86_64.manylinux_2_28_x86_64.whl", hash = "sha256:85eef4cb5625c47ee6425c58a3502555e10f45ee973da878ac8248ad58c136f3", size = 16401702, upload-time = "2025-12-20T16:17:04.235Z" },
    { url = "https://files.pythonhosted.org/packages/18/32/0f13c1b2d22bea1118356b8b963195446f3af124ed7a5adfa8fdecb1b6ca/numpy-2.4.0-cp313-cp313t-musllinux_1_2_aarch64.whl", hash = "sha256:6dc8b7e2f4eb184b37655195f421836cfae6f58197b67e3ffc501f1333d993fa", size = 16242493, upload-time = "2025-12-20T16:17:06.856Z" },
    { url = "https://files.pythonhosted.org/packages/ae/23/48f21e3d309fbc137c068a1475358cbd3a901b3987dcfc97a029ab3068e2/numpy-2.4.0-cp313-cp313t-musllinux_1_2_x86_64.whl", hash = "sha256:44aba2f0cafd287871a495fb3163408b0bd25bbce135c6f621534a07f4f7875c", size = 18324222, upload-time = "2025-12-20T16:17:09.392Z" },
    { url = "https://files.pythonhosted.org/packages/ac/52/41f3d71296a3dcaa4f456aaa3c6fc8e745b43d0552b6bde56571bb4b4a0f/numpy-2.4.0-cp313-cp313t-win32.whl", hash = "sha256:20c115517513831860c573996e395707aa9fb691eb179200125c250e895fcd93", size = 6076216, upload-time = "2025-12-20T16:17:11.437Z" },
    { url = "https://files.pythonhosted.org/packages/35/ff/46fbfe60ab0710d2a2b16995f708750307d30eccbb4c38371ea9e986866e/numpy-2.4.0-cp313-cp313t-win_amd64.whl", hash = "sha256:b48e35f4ab6f6a7597c46e301126ceba4c44cd3280e3750f85db48b082624fa4", size = 12444263, upload-time = "2025-12-20T16:17:13.182Z" },
    { url = "https://files.pythonhosted.org/packages/a3/e3/9189ab319c01d2ed556c932ccf55064c5d75bb5850d1df7a482ce0badead/numpy-2.4.0-cp313-cp313t-win_arm64.whl", hash = "sha256:4d1cfce39e511069b11e67cd0bd78ceff31443b7c9e5c04db73c7a19f572967c", size = 10378265, upload-time = "2025-12-20T16:17:15.211Z" },
    { url = "https://files.pythonhosted.org/packages/ab/ed/52eac27de39d5e5a6c9aadabe672bc06f55e24a3d9010cd1183948055d76/numpy-2.4.0-cp314-cp314-macosx_10_15_x86_64.whl", hash = "sha256:c95eb6db2884917d86cde0b4d4cf31adf485c8ec36bf8696dd66fa70de96f36b", size = 16647476, upload-time = "2025-12-20T16:17:17.671Z" },
    { url = "https://files.pythonhosted.org/packages/77/c0/990ce1b7fcd4e09aeaa574e2a0a839589e4b08b2ca68070f1acb1fea6736/numpy-2.4.0-cp314-cp314-macosx_11_0_arm64.whl", hash = "sha256:65167da969cd1ec3a1df31cb221ca3a19a8aaa25370ecb17d428415e93c1935e", size = 12374563, upload-time = "2025-12-20T16:17:20.216Z" },
    { url = "https://files.pythonhosted.org/packages/37/7c/8c5e389c6ae8f5fd2277a988600d79e9625db3fff011a2d87ac80b881a4c/numpy-2.4.0-cp314-cp314-macosx_14_0_arm64.whl", hash = "sha256:3de19cfecd1465d0dcf8a5b5ea8b3155b42ed0b639dba4b71e323d74f2a3be5e", size = 5203107, upload-time = "2025-12-20T16:17:22.47Z" },
    { url = "https://files.pythonhosted.org/packages/e6/94/ca5b3bd6a8a70a5eec9a0b8dd7f980c1eff4b8a54970a9a7fef248ef564f/numpy-2.4.0-cp314-cp314-macosx_14_0_x86_64.whl", hash = "sha256:6c05483c3136ac4c91b4e81903cb53a8707d316f488124d0398499a4f8e8ef51", size = 6538067, upload-time = "2025-12-20T16:17:24.001Z" },
    { url = "https://files.pythonhosted.org/packages/79/43/993eb7bb5be6761dde2b3a3a594d689cec83398e3f58f4758010f3b85727/numpy-2.4.0-cp314-cp314-manylinux_2_27_aarch64.manylinux_2_28_aarch64.whl", hash = "sha256:36667db4d6c1cea79c8930ab72fadfb4060feb4bfe724141cd4bd064d2e5f8ce", size = 14411926, upload-time = "2025-12-20T16:17:25.822Z" },
    { url = "https://files.pythonhosted.org/packages/03/75/d4c43b61de473912496317a854dac54f1efec3eeb158438da6884b70bb90/numpy-2.4.0-cp314-cp314-manylinux_2_27_x86_64.manylinux_2_28_x86_64.whl", hash = "sha256:9a818668b674047fd88c4cddada7ab8f1c298812783e8328e956b78dc4807f9f", size = 16354295, upload-time = "2025-12-20T16:17:28.308Z" },
    { url = "https://files.pythonhosted.org/packages/b8/0a/b54615b47ee8736a6461a4bb6749128dd3435c5a759d5663f11f0e9af4ac/numpy-2.4.0-cp314-cp314-musllinux_1_2_aarch64.whl", hash = "sha256:1ee32359fb7543b7b7bd0b2f46294db27e29e7bbdf70541e81b190836cd83ded", size = 16190242, upload-time = "2025-12-20T16:17:30.993Z" },
    { url = "https://files.pythonhosted.org/packages/98/ce/ea207769aacad6246525ec6c6bbd66a2bf56c72443dc10e2f90feed29290/numpy-2.4.0-cp314-cp314-musllinux_1_2_x86_64.whl", hash = "sha256:e493962256a38f58283de033d8af176c5c91c084ea30f15834f7545451c42059", size = 18280875, upload-time = "2025-12-20T16:17:33.327Z" },
    { url = "https://files.pythonhosted.org/packages/17/ef/ec409437aa962ea372ed601c519a2b141701683ff028f894b7466f0ab42b/numpy-2.4.0-cp314-cp314-win32.whl", hash = "sha256:6bbaebf0d11567fa8926215ae731e1d58e6ec28a8a25235b8a47405d301332db", size = 6002530, upload-time = "2025-12-20T16:17:35.729Z" },
    { url = "https://files.pythonhosted.org/packages/5f/4a/5cb94c787a3ed1ac65e1271b968686521169a7b3ec0b6544bb3ca32960b0/numpy-2.4.0-cp314-cp314-win_amd64.whl", hash = "sha256:3d857f55e7fdf7c38ab96c4558c95b97d1c685be6b05c249f5fdafcbd6f9899e", size = 12435890, upload-time = "2025-12-20T16:17:37.599Z" },
    { url = "https://files.pythonhosted.org/packages/48/a0/04b89db963af9de1104975e2544f30de89adbf75b9e75f7dd2599be12c79/numpy-2.4.0-cp314-cp314-win_arm64.whl", hash = "sha256:bb50ce5fb202a26fd5404620e7ef820ad1ab3558b444cb0b55beb7ef66cd2d63", size = 10591892, upload-time = "2025-12-20T16:17:39.649Z" },
    { url = "https://files.pythonhosted.org/packages/53/e5/d74b5ccf6712c06c7a545025a6a71bfa03bdc7e0568b405b0d655232fd92/numpy-2.4.0-cp314-cp314t-macosx_11_0_arm64.whl", hash = "sha256:355354388cba60f2132df297e2d53053d4063f79077b67b481d21276d61fc4df", size = 12494312, upload-time = "2025-12-20T16:17:41.714Z" },
    { url = "https://files.pythonhosted.org/packages/c2/08/3ca9cc2ddf54dfee7ae9a6479c071092a228c68aef08252aa08dac2af002/numpy-2.4.0-cp314-cp314t-macosx_14_0_arm64.whl", hash = "sha256:1d8f9fde5f6dc1b6fc34df8162f3b3079365468703fee7f31d4e0cc8c63baed9", size = 5322862, upload-time = "2025-12-20T16:17:44.145Z" },
    { url = "https://files.pythonhosted.org/packages/87/74/0bb63a68394c0c1e52670cfff2e309afa41edbe11b3327d9af29e4383f34/numpy-2.4.0-cp314-cp314t-macosx_14_0_x86_64.whl", hash = "sha256:e0434aa22c821f44eeb4c650b81c7fbdd8c0122c6c4b5a576a76d5a35625ecd9", size = 6644986, upload-time = "2025-12-20T16:17:46.203Z" },
    { url = "https://files.pythonhosted.org/packages/06/8f/9264d9bdbcf8236af2823623fe2f3981d740fc3461e2787e231d97c38c28/numpy-2.4.0-cp314-cp314t-manylinux_2_27_aarch64.manylinux_2_28_aarch64.whl", hash = "sha256:40483b2f2d3ba7aad426443767ff5632ec3156ef09742b96913787d13c336471", size = 14457958, upload-time = "2025-12-20T16:17:48.017Z" },
    { url = "https://files.pythonhosted.org/packages/8c/d9/f9a69ae564bbc7236a35aa883319364ef5fd41f72aa320cc1cbe66148fe2/numpy-2.4.0-cp314-cp314t-manylinux_2_27_x86_64.manylinux_2_28_x86_64.whl", hash = "sha256:d9e6a7664ddd9746e20b7325351fe1a8408d0a2bf9c63b5e898290ddc8f09544", size = 16398394, upload-time = "2025-12-20T16:17:50.409Z" },
    { url = "https://files.pythonhosted.org/packages/34/c7/39241501408dde7f885d241a98caba5421061a2c6d2b2197ac5e3aa842d8/numpy-2.4.0-cp314-cp314t-musllinux_1_2_aarch64.whl", hash = "sha256:ecb0019d44f4cdb50b676c5d0cb4b1eae8e15d1ed3d3e6639f986fc92b2ec52c", size = 16241044, upload-time = "2025-12-20T16:17:52.661Z" },
    { url = "https://files.pythonhosted.org/packages/7c/95/cae7effd90e065a95e59fe710eeee05d7328ed169776dfdd9f789e032125/numpy-2.4.0-cp314-cp314t-musllinux_1_2_x86_64.whl", hash = "sha256:d0ffd9e2e4441c96a9c91ec1783285d80bf835b677853fc2770a89d50c1e48ac", size = 18321772, upload-time = "2025-12-20T16:17:54.947Z" },
    { url = "https://files.pythonhosted.org/packages/96/df/3c6c279accd2bfb968a76298e5b276310bd55d243df4fa8ac5816d79347d/numpy-2.4.0-cp314-cp314t-win32.whl", hash = "sha256:77f0d13fa87036d7553bf81f0e1fe3ce68d14c9976c9851744e4d3e91127e95f", size = 6148320, upload-time = "2025-12-20T16:17:57.249Z" },
    { url = "https://files.pythonhosted.org/packages/92/8d/f23033cce252e7a75cae853d17f582e86534c46404dea1c8ee094a9d6d84/numpy-2.4.0-cp314-cp314t-win_amd64.whl", hash = "sha256:b1f5b45829ac1848893f0ddf5cb326110604d6df96cdc255b0bf9edd154104d4", size = 12623460, upload-time = "2025-12-20T16:17:58.963Z" },
    { url = "https://files.pythonhosted.org/packages/a4/4f/1f8475907d1a7c4ef9020edf7f39ea2422ec896849245f00688e4b268a71/numpy-2.4.0-cp314-cp314t-win_arm64.whl", hash = "sha256:23a3e9d1a6f360267e8fbb38ba5db355a6a7e9be71d7fce7ab3125e88bb646c8", size = 10661799, upload-time = "2025-12-20T16:18:01.078Z" },
]

[[package]]
name = "pyqt6"
version = "6.10.0"
source = { registry = "https://pypi.org/simple" }
dependencies = [
    { name = "pyqt6-qt6" },
    { name = "pyqt6-sip" },
]
sdist = { url = "https://files.pythonhosted.org/packages/f2/57/48985490c01584e00b70040ec0eb02dfe950471097201acb1b65deb633e5/pyqt6-6.10.0.tar.gz", hash = "sha256:710ecfd720d9a03b2c684881ae37f528e11d17e8f1bf96431d00a6a73f308e36", size = 1079921, upload-time = "2025-10-22T12:04:05.717Z" }
wheels = [
    { url = "https://files.pythonhosted.org/packages/f8/99/ca0386e84e39e4f2ef30322f1d39d515f2a3efbc542cccb33e65a1cf7c46/pyqt6-6.10.0-1-cp39-abi3-manylinux_2_34_x86_64.whl", hash = "sha256:54b6b022369e4e6ade8cf79c0f988558839df7b2c285f814b4567d15a0fcb756", size = 37745881, upload-time = "2025-10-24T18:33:56.106Z" },
    { url = "https://files.pythonhosted.org/packages/66/48/be73fb730c6f617f456ab73150db384b17a7a08394d7e2ded55f42de8a7b/pyqt6-6.10.0-cp39-abi3-macosx_10_14_universal2.whl", hash = "sha256:0eb82f152a83a8ae39f7d3ba580829ff7c0e8179d19d70f396853c10c8ddc5ac", size = 59987475, upload-time = "2025-10-22T12:03:47.661Z" },
    { url = "https://files.pythonhosted.org/packages/00/31/e55f7b718df92423b5af3f0fe11e770e56d7576c03adc6b6866b0e8beb46/pyqt6-6.10.0-cp39-abi3-manylinux_2_34_x86_64.whl", hash = "sha256:43e94a0ad4713055b47b4676d23432349845729912e4f3d20ac95935931c5e6f", size = 39028922, upload-time = "2025-10-22T12:03:51.916Z" },
    { url = "https://files.pythonhosted.org/packages/cf/3d/48465697f530addaeaf41f4d5b3e54108ebabd18ab6da19823de5099e807/pyqt6-6.10.0-cp39-abi3-manylinux_2_39_aarch64.whl", hash = "sha256:357da0f1465557dde249a31bc1f152320b7628a644e1d55d2db09b635394f39f", size = 40619932, upload-time = "2025-10-22T12:03:56.115Z" },
    { url = "https://files.pythonhosted.org/packages/fb/e4/0c4745cd0b31c17bd85d5da697404679f4faa6424aa7b57112277c1e8027/pyqt6-6.10.0-cp39-abi3-win_amd64.whl", hash = "sha256:8b5e4ea573733017a76bd12ea1b53351fd7f6dc57f8abf4329c4a41fea6dde04", size = 25816996, upload-time = "2025-10-22T12:04:00.085Z" },
    { url = "https://files.pythonhosted.org/packages/b0/40/0891706e69c60267b6933465fa299138bafa72324d6855c6962ca05a5f9f/pyqt6-6.10.0-cp39-abi3-win_arm64.whl", hash = "sha256:c2b5fc1a028e95b096f3a5966611cc8194e8e9e69984c41477417e18b5ce1362", size = 25663908, upload-time = "2025-10-22T12:04:03.593Z" },
]

[[package]]
name = "pyqt6-qt6"
version = "6.10.1"
source = { registry = "https://pypi.org/simple" }
wheels = [
    { url = "https://files.pythonhosted.org/packages/54/1b/137184632cad83a210e7955226744a77945260ca2e75892fe36299d26ada/pyqt6_qt6-6.10.1-py3-none-macosx_10_14_x86_64.whl", hash = "sha256:4bb2798a95f624b462b70c4f185422235b714b01e55abab32af1740f147948e2", size = 68472463, upload-time = "2025-11-27T14:20:51.694Z" },
    { url = "https://files.pythonhosted.org/packages/af/df/ca795ac3d04243ad63499cfedcf92d8b5f6e3585a2a26c09f34cb58c8e44/pyqt6_qt6-6.10.1-py3-none-macosx_11_0_arm64.whl", hash = "sha256:0921cc522512cb40dbab673806bc1676924819550e0aec8e3f3fe6907387c5b7", size = 62296168, upload-time = "2025-11-27T14:21:21.232Z" },
    { url = "https://files.pythonhosted.org/packages/f4/7e/9867361252e2a4717dba95c64a0f3a793603f4a52cb9a46abbb041e960f5/pyqt6_qt6-6.10.1-py3-none-manylinux_2_34_x86_64.whl", hash = "sha256:04069aea421703b1269c8a1bcf017e36463af284a044239a4ebda3bde0a629fb", size = 83829262, upload-time = "2025-11-27T14:22:00.399Z" },
    { url = "https://files.pythonhosted.org/packages/9b/7b/18f4eb2273a92283fe4d87aa740a400eb14a4e41b8f990aaf563e9767db6/pyqt6_qt6-6.10.1-py3-none-manylinux_2_39_aarch64.whl", hash = "sha256:5b9be39e0120e32d0b42cdb844e3ae110ddadd39629c991e511902c06f155aff", size = 82877396, upload-time = "2025-11-27T14:22:36.994Z" },
    { url = "https://files.pythonhosted.org/packages/53/5c/648c515d57bc82909d0597befb03bbc2f7a570f323dba3ad38629669efcb/pyqt6_qt6-6.10.1-py3-none-win_amd64.whl", hash = "sha256:df564d3dc2863b1fde22b39bea9f56ceb2a3ed7d6f0b76d3f96c2d3bc5d71516", size = 76670151, upload-time = "2025-11-27T14:23:11.172Z" },
    { url = "https://files.pythonhosted.org/packages/0a/13/2d2a9c0559bfa53effea5e2c1ed7aebb430186ce0b64cfba235231a049d9/pyqt6_qt6-6.10.1-py3-none-win_arm64.whl", hash = "sha256:48282e0f99682daf4f1e220cfe9f41255e003af38f7728a30d40c76e55c89816", size = 58276316, upload-time = "2025-11-27T14:23:38.744Z" },
]

[[package]]
name = "pyqt6-sip"
version = "13.10.3"
source = { registry = "https://pypi.org/simple" }
sdist = { url = "https://files.pythonhosted.org/packages/0d/e9/d1b97154cec1d6c8a3d93fb6565d1463bc528fa5103491d626d07a451c7c/pyqt6_sip-13.10.3.tar.gz", hash = "sha256:630895b3827e2c3b4e072089157985691fe4210d64340e71141f93775ea4ae51", size = 92621, upload-time = "2025-12-06T13:19:44.569Z" }
wheels = [
    { url = "https://files.pythonhosted.org/packages/61/46/c44d1956a2a6bae272883b276125964736adc0e0a87f95a4af0f7876ba08/pyqt6_sip-13.10.3-cp312-cp312-macosx_10_9_universal2.whl", hash = "sha256:61e4e935f1d80dd107b0a97fbcbbf27e07046666f72663fa4b0d700514e8201c", size = 112365, upload-time = "2025-12-06T13:19:27.79Z" },
    { url = "https://files.pythonhosted.org/packages/11/fd/04adac969ba70bb042d52e13c99c968fce0e1fa6a52146f03a974168a848/pyqt6_sip-13.10.3-cp312-cp312-manylinux1_x86_64.manylinux_2_5_x86_64.whl", hash = "sha256:3f3e2a79738319b795f0d1b2a555b1ea669b1a306b604bac876c84833cabb008", size = 301147, upload-time = "2025-12-06T13:19:30.279Z" },
    { url = "https://files.pythonhosted.org/packages/74/83/7ba660ddd7070090bcd387140865474affd901861ba8f6dfcb18504f7f26/pyqt6_sip-13.10.3-cp312-cp312-manylinux_2_17_aarch64.manylinux2014_aarch64.whl", hash = "sha256:748758dfd7f77aeb1c5becfc934a722ce10de51bfdf9902f9cad19c27ba146e7", size = 323336, upload-time = "2025-12-06T13:19:28.961Z" },
    { url = "https://files.pythonhosted.org/packages/cc/0b/6c77989542751c5ec3d829ff6f65b13c646606560c72b96aeb4dfae843b0/pyqt6_sip-13.10.3-cp312-cp312-win_amd64.whl", hash = "sha256:7361b7005a375cd647f2d1e3ca7000967406831bef466003e6ead2af27d84a2b", size = 53459, upload-time = "2025-12-06T13:19:31.353Z" },
    { url = "https://files.pythonhosted.org/packages/9b/73/74df7a24c75719ee36e94d97e147c3c260c1a6268e48d692f561f9d5b9dc/pyqt6_sip-13.10.3-cp312-cp312-win_arm64.whl", hash = "sha256:dd21e6f70f7cfe81e1d9b96800652ffeb5947b41354c4fd58a5e3d3f02499a7a", size = 48647, upload-time = "2025-12-06T13:19:32.271Z" },
    { url = "https://files.pythonhosted.org/packages/0c/a9/25a07fb16308e9405ac01369013943ae58bef72c8700d8a6100182b8d937/pyqt6_sip-13.10.3-cp313-cp313-macosx_10_13_universal2.whl", hash = "sha256:a8b5532398c0e6d0064d4dce4c096ff20bf710507dafefb036eff61c3f59cda8", size = 112348, upload-time = "2025-12-06T13:19:33.323Z" },
    { url = "https://files.pythonhosted.org/packages/4a/f1/38b625b0638681659bc3c7eaa548b65862a305d26b48835b67cdd6add720/pyqt6_sip-13.10.3-cp313-cp313-manylinux1_x86_64.manylinux_2_5_x86_64.whl", hash = "sha256:d02c138c6eacb13ef668bfe6becfb6ab40bb40135f34a36ef31b7dc860976493", size = 301470, upload-time = "2025-12-06T13:19:35.824Z" },
    { url = "https://files.pythonhosted.org/packages/cd/8d/a2eaccc88cc53e6370e3728593ea80d10a132f87078ce7cbcfc8c33d9b3f/pyqt6_sip-13.10.3-cp313-cp313-manylinux_2_17_aarch64.manylinux2014_aarch64.whl", hash = "sha256:e234a3af9539f71bb566e7136317b92f189a89553970284d833cd63cca4dafdd", size = 323466, upload-time = "2025-12-06T13:19:34.445Z" },
    { url = "https://files.pythonhosted.org/packages/47/f8/55a93c3eda94c94fc10c2537f55ca98d9bb1982bf65c03ee2302c250b6aa/pyqt6_sip-13.10.3-cp313-cp313-win_amd64.whl", hash = "sha256:a856b9b2a4700c8dded1c870811d5ba26722238d57c9098904a99570429d112b", size = 53468, upload-time = "2025-12-06T13:19:36.877Z" },
    { url = "https://files.pythonhosted.org/packages/41/a3/ee0633507350442580a2cd893e4edb7170d87fef1c790365e7bc4999ce40/pyqt6_sip-13.10.3-cp313-cp313-win_arm64.whl", hash = "sha256:9e48e5d6ac9e1a61d5abdfb2191a0ffb19948eefd5adacdd0c1dedbed06222aa", size = 48645, upload-time = "2025-12-06T13:19:38.216Z" },
    { url = "https://files.pythonhosted.org/packages/a1/70/a22362c2632d07d8e29431418e0485f12a41b3c4844f15b60ca5a969e01c/pyqt6_sip-13.10.3-cp314-cp314-macosx_10_15_universal2.whl", hash = "sha256:eb7afe41329ce2eca99118f01776a047a2a150c550258dff1746505af223f997", size = 112432, upload-time = "2025-12-06T13:19:39.153Z" },
    { url = "https://files.pythonhosted.org/packages/25/72/e0a7e4489ea5b948aef707a7d76baf6722a65aabd7e4d3c253583eb6b268/pyqt6_sip-13.10.3-cp314-cp314-manylinux1_x86_64.manylinux_2_5_x86_64.whl", hash = "sha256:6122fe4ccba5a5023581c2c3c57deab6eab56d8e931beec20b05666a46a38e6a", size = 301341, upload-time = "2025-12-06T13:19:41.642Z" },
    { url = "https://files.pythonhosted.org/packages/1f/43/0a648469a7e4f07df1c4ad6443f892e55631f24f7af30c7c946e458a82d1/pyqt6_sip-13.10.3-cp314-cp314-manylinux_2_17_aarch64.manylinux2014_aarch64.whl", hash = "sha256:3286a98e93608d51048e9046f557117424c8366be266b33ff852ee54ffa7b9bf", size = 324062, upload-time = "2025-12-06T13:19:40.308Z" },
    { url = "https://files.pythonhosted.org/packages/f3/0d/67d2095a932c007210437318c31fbc8376deb4e4491907861c4b9ac4ad9e/pyqt6_sip-13.10.3-cp314-cp314-win_amd64.whl", hash = "sha256:4fc6229ba7276266e3805b5517e7413cba79538f0c3ce7d2042a2027a90f99cf", size = 55076, upload-time = "2025-12-06T13:19:42.61Z" },
    { url = "https://files.pythonhosted.org/packages/f8/cd/f121be0271dc73d54f3580584103c046a8d2c06a2686b594b77fd677a5ef/pyqt6_sip-13.10.3-cp314-cp314-win_arm64.whl", hash = "sha256:efef47667ca009557d7ecf985b15f0bf440584fd634ee0eab19ec296effc7cca", size = 49464, upload-time = "2025-12-06T13:19:43.638Z" },
]
